// !$*UTF8*$!
{
	archiveVersion = 1;
	classes = {
	};
	objectVersion = 46;
	objects = {

/* Begin PBXBuildFile section */
		1444C6F81C4639E6003A4526 /* main.m in Sources */ = {isa = PBXBuildFile; fileRef = 1444C6F71C4639E6003A4526 /* main.m */; };
		1444C6FB1C4639E6003A4526 /* AppDelegate.m in Sources */ = {isa = PBXBuildFile; fileRef = 1444C6FA1C4639E6003A4526 /* AppDelegate.m */; };
		1444C6FE1C4639E6003A4526 /* ViewController.m in Sources */ = {isa = PBXBuildFile; fileRef = 1444C6FD1C4639E6003A4526 /* ViewController.m */; };
		1444C7011C4639E6003A4526 /* Main.storyboard in Resources */ = {isa = PBXBuildFile; fileRef = 1444C6FF1C4639E6003A4526 /* Main.storyboard */; };
		1444C7031C4639E6003A4526 /* Assets.xcassets in Resources */ = {isa = PBXBuildFile; fileRef = 1444C7021C4639E6003A4526 /* Assets.xcassets */; };
		1444C7061C4639E6003A4526 /* LaunchScreen.storyboard in Resources */ = {isa = PBXBuildFile; fileRef = 1444C7041C4639E6003A4526 /* LaunchScreen.storyboard */; };
/* End PBXBuildFile section */

/* Begin PBXFileReference section */
		1444C6F31C4639E6003A4526 /* MySocially.app */ = {isa = PBXFileReference; explicitFileType = wrapper.application; includeInIndex = 0; path = MySocially.app; sourceTree = BUILT_PRODUCTS_DIR; };
		1444C6F71C4639E6003A4526 /* main.m */ = {isa = PBXFileReference; lastKnownFileType = sourcecode.c.objc; path = main.m; sourceTree = "<group>"; };
		1444C6F91C4639E6003A4526 /* AppDelegate.h */ = {isa = PBXFileReference; lastKnownFileType = sourcecode.c.h; path = AppDelegate.h; sourceTree = "<group>"; };
		1444C6FA1C4639E6003A4526 /* AppDelegate.m */ = {isa = PBXFileReference; lastKnownFileType = sourcecode.c.objc; path = AppDelegate.m; sourceTree = "<group>"; };
		1444C6FC1C4639E6003A4526 /* ViewController.h */ = {isa = PBXFileReference; lastKnownFileType = sourcecode.c.h; path = ViewController.h; sourceTree = "<group>"; };
		1444C6FD1C4639E6003A4526 /* ViewController.m */ = {isa = PBXFileReference; lastKnownFileType = sourcecode.c.objc; path = ViewController.m; sourceTree = "<group>"; };
		1444C7001C4639E6003A4526 /* Base */ = {isa = PBXFileReference; lastKnownFileType = file.storyboard; name = Base; path = Base.lproj/Main.storyboard; sourceTree = "<group>"; };
		1444C7021C4639E6003A4526 /* Assets.xcassets */ = {isa = PBXFileReference; lastKnownFileType = folder.assetcatalog; path = Assets.xcassets; sourceTree = "<group>"; };
		1444C7051C4639E6003A4526 /* Base */ = {isa = PBXFileReference; lastKnownFileType = file.storyboard; name = Base; path = Base.lproj/LaunchScreen.storyboard; sourceTree = "<group>"; };
		1444C7071C4639E6003A4526 /* Info.plist */ = {isa = PBXFileReference; lastKnownFileType = text.plist.xml; path = Info.plist; sourceTree = "<group>"; };
/* End PBXFileReference section */

/* Begin PBXFrameworksBuildPhase section */
		1444C6F01C4639E6003A4526 /* Frameworks */ = {
			isa = PBXFrameworksBuildPhase;
			buildActionMask = 2147483647;
			files = (
			);
			runOnlyForDeploymentPostprocessing = 0;
		};
/* End PBXFrameworksBuildPhase section */

/* Begin PBXGroup section */
		1444C6EA1C4639E6003A4526 = {
			isa = PBXGroup;
			children = (
				1444C6F51C4639E6003A4526 /* MySocially */,
				1444C6F41C4639E6003A4526 /* Products */,
			);
			sourceTree = "<group>";
		};
		1444C6F41C4639E6003A4526 /* Products */ = {
			isa = PBXGroup;
			children = (
				1444C6F31C4639E6003A4526 /* MySocially.app */,
			);
			name = Products;
			sourceTree = "<group>";
		};
		1444C6F51C4639E6003A4526 /* MySocially */ = {
			isa = PBXGroup;
			children = (
				1444C6F91C4639E6003A4526 /* AppDelegate.h */,
				1444C6FA1C4639E6003A4526 /* AppDelegate.m */,
				1444C6FC1C4639E6003A4526 /* ViewController.h */,
				1444C6FD1C4639E6003A4526 /* ViewController.m */,
				1444C6FF1C4639E6003A4526 /* Main.storyboard */,
				1444C7021C4639E6003A4526 /* Assets.xcassets */,
				1444C7041C4639E6003A4526 /* LaunchScreen.storyboard */,
				1444C7071C4639E6003A4526 /* Info.plist */,
				1444C6F61C4639E6003A4526 /* Supporting Files */,
			);
			path = MySocially;
			sourceTree = "<group>";
		};
		1444C6F61C4639E6003A4526 /* Supporting Files */ = {
			isa = PBXGroup;
			children = (
				1444C6F71C4639E6003A4526 /* main.m */,
			);
			name = "Supporting Files";
			sourceTree = "<group>";
		};
/* End PBXGroup section */

/* Begin PBXNativeTarget section */
		1444C6F21C4639E6003A4526 /* MySocially */ = {
			isa = PBXNativeTarget;
			buildConfigurationList = 1444C70A1C4639E6003A4526 /* Build configuration list for PBXNativeTarget "MySocially" */;
			buildPhases = (
				1444C6EF1C4639E6003A4526 /* Sources */,
				1444C6F01C4639E6003A4526 /* Frameworks */,
				1444C6F11C4639E6003A4526 /* Resources */,
			);
			buildRules = (
			);
			dependencies = (
			);
			name = MySocially;
			productName = MySocially;
			productReference = 1444C6F31C4639E6003A4526 /* MySocially.app */;
			productType = "com.apple.product-type.application";
		};
/* End PBXNativeTarget section */

/* Begin PBXProject section */
		1444C6EB1C4639E6003A4526 /* Project object */ = {
			isa = PBXProject;
			attributes = {
				LastUpgradeCheck = 0720;
				ORGANIZATIONNAME = zenghui;
				TargetAttributes = {
					1444C6F21C4639E6003A4526 = {
						CreatedOnToolsVersion = 7.2;
						DevelopmentTeam = RT3BB3MP9J;
					};
				};
			};
			buildConfigurationList = 1444C6EE1C4639E6003A4526 /* Build configuration list for PBXProject "MySocially" */;
			compatibilityVersion = "Xcode 3.2";
			developmentRegion = English;
			hasScannedForEncodings = 0;
			knownRegions = (
				en,
				Base,
			);
			mainGroup = 1444C6EA1C4639E6003A4526;
			productRefGroup = 1444C6F41C4639E6003A4526 /* Products */;
			projectDirPath = "";
			projectRoot = "";
			targets = (
				1444C6F21C4639E6003A4526 /* MySocially */,
			);
		};
/* End PBXProject section */

/* Begin PBXResourcesBuildPhase section */
		1444C6F11C4639E6003A4526 /* Resources */ = {
			isa = PBXResourcesBuildPhase;
			buildActionMask = 2147483647;
			files = (
				1444C7061C4639E6003A4526 /* LaunchScreen.storyboard in Resources */,
				1444C7031C4639E6003A4526 /* Assets.xcassets in Resources */,
				1444C7011C4639E6003A4526 /* Main.storyboard in Resources */,
			);
			runOnlyForDeploymentPostprocessing = 0;
		};
/* End PBXResourcesBuildPhase section */

/* Begin PBXSourcesBuildPhase section */
		1444C6EF1C4639E6003A4526 /* Sources */ = {
			isa = PBXSourcesBuildPhase;
			buildActionMask = 2147483647;
			files = (
				1444C6FE1C4639E6003A4526 /* ViewController.m in Sources */,
				1444C6FB1C4639E6003A4526 /* AppDelegate.m in Sources */,
				1444C6F81C4639E6003A4526 /* main.m in Sources */,
			);
			runOnlyForDeploymentPostprocessing = 0;
		};
/* End PBXSourcesBuildPhase section */

/* Begin PBXVariantGroup section */
		1444C6FF1C4639E6003A4526 /* Main.storyboard */ = {
			isa = PBXVariantGroup;
			children = (
				1444C7001C4639E6003A4526 /* Base */,
			);
			name = Main.storyboard;
			sourceTree = "<group>";
		};
		1444C7041C4639E6003A4526 /* LaunchScreen.storyboard */ = {
			isa = PBXVariantGroup;
			children = (
				1444C7051C4639E6003A4526 /* Base */,
			);
			name = LaunchScreen.storyboard;
			sourceTree = "<group>";
		};
/* End PBXVariantGroup section */

/* Begin XCBuildConfiguration section */
		1444C7081C4639E6003A4526 /* Debug */ = {
			isa = XCBuildConfiguration;
			buildSettings = {
				ALWAYS_SEARCH_USER_PATHS = NO;
				CLANG_CXX_LANGUAGE_STANDARD = "gnu++0x";
				CLANG_CXX_LIBRARY = "libc++";
				CLANG_ENABLE_MODULES = YES;
				CLANG_ENABLE_OBJC_ARC = YES;
				CLANG_WARN_BOOL_CONVERSION = YES;
				CLANG_WARN_CONSTANT_CONVERSION = YES;
				CLANG_WARN_DIRECT_OBJC_ISA_USAGE = YES_ERROR;
				CLANG_WARN_EMPTY_BODY = YES;
				CLANG_WARN_ENUM_CONVERSION = YES;
				CLANG_WARN_INT_CONVERSION = YES;
				CLANG_WARN_OBJC_ROOT_CLASS = YES_ERROR;
				CLANG_WARN_UNREACHABLE_CODE = YES;
				CLANG_WARN__DUPLICATE_METHOD_MATCH = YES;
				"CODE_SIGN_IDENTITY[sdk=iphoneos*]" = "iPhone Developer";
				COPY_PHASE_STRIP = NO;
				DEBUG_INFORMATION_FORMAT = dwarf;
				ENABLE_STRICT_OBJC_MSGSEND = YES;
				ENABLE_TESTABILITY = YES;
				GCC_C_LANGUAGE_STANDARD = gnu99;
				GCC_DYNAMIC_NO_PIC = NO;
				GCC_NO_COMMON_BLOCKS = YES;
				GCC_OPTIMIZATION_LEVEL = 0;
				GCC_PREPROCESSOR_DEFINITIONS = (
					"DEBUG=1",
					"$(inherited)",
				);
				GCC_WARN_64_TO_32_BIT_CONVERSION = YES;
				GCC_WARN_ABOUT_RETURN_TYPE = YES_ERROR;
				GCC_WARN_UNDECLARED_SELECTOR = YES;
				GCC_WARN_UNINITIALIZED_AUTOS = YES_AGGRESSIVE;
				GCC_WARN_UNUSED_FUNCTION = YES;
				GCC_WARN_UNUSED_VARIABLE = YES;
				IPHONEOS_DEPLOYMENT_TARGET = 9.2;
				MTL_ENABLE_DEBUG_INFO = YES;
				ONLY_ACTIVE_ARCH = YES;
				SDKROOT = iphoneos;
				TARGETED_DEVICE_FAMILY = "1,2";
			};
			name = Debug;
		};
		1444C7091C4639E6003A4526 /* Release */ = {
			isa = XCBuildConfiguration;
			buildSettings = {
				ALWAYS_SEARCH_USER_PATHS = NO;
				CLANG_CXX_LANGUAGE_STANDARD = "gnu++0x";
				CLANG_CXX_LIBRARY = "libc++";
				CLANG_ENABLE_MODULES = YES;
				CLANG_ENABLE_OBJC_ARC = YES;
				CLANG_WARN_BOOL_CONVERSION = YES;
				CLANG_WARN_CONSTANT_CONVERSION = YES;
				CLANG_WARN_DIRECT_OBJC_ISA_USAGE = YES_ERROR;
				CLANG_WARN_EMPTY_BODY = YES;
				CLANG_WARN_ENUM_CONVERSION = YES;
				CLANG_WARN_INT_CONVERSION = YES;
				CLANG_WARN_OBJC_ROOT_CLASS = YES_ERROR;
				CLANG_WARN_UNREACHABLE_CODE = YES;
				CLANG_WARN__DUPLICATE_METHOD_MATCH = YES;
				"CODE_SIGN_IDENTITY[sdk=iphoneos*]" = "iPhone Developer";
				COPY_PHASE_STRIP = NO;
				DEBUG_INFORMATION_FORMAT = "dwarf-with-dsym";
				ENABLE_NS_ASSERTIONS = NO;
				ENABLE_STRICT_OBJC_MSGSEND = YES;
				GCC_C_LANGUAGE_STANDARD = gnu99;
				GCC_NO_COMMON_BLOCKS = YES;
				GCC_WARN_64_TO_32_BIT_CONVERSION = YES;
				GCC_WARN_ABOUT_RETURN_TYPE = YES_ERROR;
				GCC_WARN_UNDECLARED_SELECTOR = YES;
				GCC_WARN_UNINITIALIZED_AUTOS = YES_AGGRESSIVE;
				GCC_WARN_UNUSED_FUNCTION = YES;
				GCC_WARN_UNUSED_VARIABLE = YES;
				IPHONEOS_DEPLOYMENT_TARGET = 9.2;
				MTL_ENABLE_DEBUG_INFO = NO;
				SDKROOT = iphoneos;
				TARGETED_DEVICE_FAMILY = "1,2";
				VALIDATE_PRODUCT = YES;
			};
			name = Release;
		};
		1444C70B1C4639E6003A4526 /* Debug */ = {
			isa = XCBuildConfiguration;
			buildSettings = {
				ASSETCATALOG_COMPILER_APPICON_NAME = AppIcon;
				CODE_SIGN_IDENTITY = "iPhone Developer: hui zeng (3ED55WY2DM)";
				INFOPLIST_FILE = MySocially/Info.plist;
				IPHONEOS_DEPLOYMENT_TARGET = 7.0;
				LD_GENERATE_MAP_FILE = YES;
				LD_RUNPATH_SEARCH_PATHS = "$(inherited) @executable_path/Frameworks";
				PRODUCT_BUNDLE_IDENTIFIER = com.gino.MySocially;
				PRODUCT_NAME = "$(TARGET_NAME)";
				PROVISIONING_PROFILE = "90b09862-0c00-4996-9840-861c658516d0";
			};
			name = Debug;
		};
		1444C70C1C4639E6003A4526 /* Release */ = {
			isa = XCBuildConfiguration;
			buildSettings = {
				ASSETCATALOG_COMPILER_APPICON_NAME = AppIcon;
				CODE_SIGN_IDENTITY = "iPhone Developer";
				INFOPLIST_FILE = MySocially/Info.plist;
				IPHONEOS_DEPLOYMENT_TARGET = 7.0;
				LD_GENERATE_MAP_FILE = YES;
				LD_RUNPATH_SEARCH_PATHS = "$(inherited) @executable_path/Frameworks";
				PRODUCT_BUNDLE_IDENTIFIER = com.gino.MySocially;
				PRODUCT_NAME = "$(TARGET_NAME)";
			};
			name = Release;
		};
/* End XCBuildConfiguration section */

/* Begin XCConfigurationList section */
		1444C6EE1C4639E6003A4526 /* Build configuration list for PBXProject "MySocially" */ = {
			isa = XCConfigurationList;
			buildConfigurations = (
				1444C7081C4639E6003A4526 /* Debug */,
				1444C7091C4639E6003A4526 /* Release */,
			);
			defaultConfigurationIsVisible = 0;
			defaultConfigurationName = Release;
		};
		1444C70A1C4639E6003A4526 /* Build configuration list for PBXNativeTarget "MySocially" */ = {
			isa = XCConfigurationList;
			buildConfigurations = (
				1444C70B1C4639E6003A4526 /* Debug */,
				1444C70C1C4639E6003A4526 /* Release */,
			);
			defaultConfigurationIsVisible = 0;
			defaultConfigurationName = Release;
		};
/* End XCConfigurationList section */
	};
	rootObject = 1444C6EB1C4639E6003A4526 /* Project object */;
}
